// !$*UTF8*$!
{
	archiveVersion = 1;
	classes = {
	};
	objectVersion = 56;
	objects = {

/* Begin PBXBuildFile section */
		5CFD59C62CF47BF2008F09B5 /* AppDelegate.swift in Sources */ = {isa = PBXBuildFile; fileRef = 5CFD59C52CF47BF2008F09B5 /* AppDelegate.swift */; };
		5CFD59C82CF47BF2008F09B5 /* SceneDelegate.swift in Sources */ = {isa = PBXBuildFile; fileRef = 5CFD59C72CF47BF2008F09B5 /* SceneDelegate.swift */; };
		5CFD59CA2CF47BF2008F09B5 /* ProductListViewController.swift in Sources */ = {isa = PBXBuildFile; fileRef = 5CFD59C92CF47BF2008F09B5 /* ProductListViewController.swift */; };
		5CFD59CD2CF47BF2008F09B5 /* Base in Resources */ = {isa = PBXBuildFile; fileRef = 5CFD59CC2CF47BF2008F09B5 /* Base */; };
		5CFD59CF2CF47BF3008F09B5 /* Assets.xcassets in Resources */ = {isa = PBXBuildFile; fileRef = 5CFD59CE2CF47BF3008F09B5 /* Assets.xcassets */; };
		5CFD59D22CF47BF3008F09B5 /* Base in Resources */ = {isa = PBXBuildFile; fileRef = 5CFD59D12CF47BF3008F09B5 /* Base */; };
		5CFD59DB2CF5CB30008F09B5 /* Product.swift in Sources */ = {isa = PBXBuildFile; fileRef = 5CFD59DA2CF5CB30008F09B5 /* Product.swift */; };
		5CFD59DD2CF5CB3D008F09B5 /* User.swift in Sources */ = {isa = PBXBuildFile; fileRef = 5CFD59DC2CF5CB3D008F09B5 /* User.swift */; };
		5CFD59E32CF5CB94008F09B5 /* ProductListViewModel.swift in Sources */ = {isa = PBXBuildFile; fileRef = 5CFD59E22CF5CB94008F09B5 /* ProductListViewModel.swift */; };
		5CFD59EA2CF5CBFF008F09B5 /* NetworkManager.swift in Sources */ = {isa = PBXBuildFile; fileRef = 5CFD59E92CF5CBFF008F09B5 /* NetworkManager.swift */; };
		5CFD59EC2CF5CC0B008F09B5 /* APIEndpoints.swift in Sources */ = {isa = PBXBuildFile; fileRef = 5CFD59EB2CF5CC0B008F09B5 /* APIEndpoints.swift */; };
		5CFD59EE2CF5CC79008F09B5 /* ProductCell.swift in Sources */ = {isa = PBXBuildFile; fileRef = 5CFD59ED2CF5CC79008F09B5 /* ProductCell.swift */; };
		5CFD59F02CF86FED008F09B5 /* HTMLToJSONParser.swift in Sources */ = {isa = PBXBuildFile; fileRef = 5CFD59EF2CF86FED008F09B5 /* HTMLToJSONParser.swift */; };
		5CFD59F22D009239008F09B5 /* NetworkService.swift in Sources */ = {isa = PBXBuildFile; fileRef = 5CFD59F12D009239008F09B5 /* NetworkService.swift */; };
		5CFD59F42D009257008F09B5 /* ProductRepository.swift in Sources */ = {isa = PBXBuildFile; fileRef = 5CFD59F32D009257008F09B5 /* ProductRepository.swift */; };
		5CFD59F62D009A7D008F09B5 /* ImagePickerManager.swift in Sources */ = {isa = PBXBuildFile; fileRef = 5CFD59F52D009A7D008F09B5 /* ImagePickerManager.swift */; };
		5CFD59F82D016AF7008F09B5 /* ProductAlertView.swift in Sources */ = {isa = PBXBuildFile; fileRef = 5CFD59F72D016AF7008F09B5 /* ProductAlertView.swift */; };
		5CFD59FA2D017452008F09B5 /* APIError.swift in Sources */ = {isa = PBXBuildFile; fileRef = 5CFD59F92D017452008F09B5 /* APIError.swift */; };
		5CFD59FD2D017763008F09B5 /* MockData.swift in Sources */ = {isa = PBXBuildFile; fileRef = 5CFD59FC2D017763008F09B5 /* MockData.swift */; };
/* End PBXBuildFile section */

/* Begin PBXFileReference section */
		5CFD59C22CF47BF2008F09B5 /* ReLoveToMVVM.app */ = {isa = PBXFileReference; explicitFileType = wrapper.application; includeInIndex = 0; path = ReLoveToMVVM.app; sourceTree = BUILT_PRODUCTS_DIR; };
		5CFD59C52CF47BF2008F09B5 /* AppDelegate.swift */ = {isa = PBXFileReference; lastKnownFileType = sourcecode.swift; path = AppDelegate.swift; sourceTree = "<group>"; };
		5CFD59C72CF47BF2008F09B5 /* SceneDelegate.swift */ = {isa = PBXFileReference; lastKnownFileType = sourcecode.swift; path = SceneDelegate.swift; sourceTree = "<group>"; };
		5CFD59C92CF47BF2008F09B5 /* ProductListViewController.swift */ = {isa = PBXFileReference; lastKnownFileType = sourcecode.swift; path = ProductListViewController.swift; sourceTree = "<group>"; };
		5CFD59CC2CF47BF2008F09B5 /* Base */ = {isa = PBXFileReference; lastKnownFileType = file.storyboard; name = Base; path = Base.lproj/Main.storyboard; sourceTree = "<group>"; };
		5CFD59CE2CF47BF3008F09B5 /* Assets.xcassets */ = {isa = PBXFileReference; lastKnownFileType = folder.assetcatalog; path = Assets.xcassets; sourceTree = "<group>"; };
		5CFD59D12CF47BF3008F09B5 /* Base */ = {isa = PBXFileReference; lastKnownFileType = file.storyboard; name = Base; path = Base.lproj/LaunchScreen.storyboard; sourceTree = "<group>"; };
		5CFD59D32CF47BF3008F09B5 /* Info.plist */ = {isa = PBXFileReference; lastKnownFileType = text.plist.xml; path = Info.plist; sourceTree = "<group>"; };
		5CFD59DA2CF5CB30008F09B5 /* Product.swift */ = {isa = PBXFileReference; lastKnownFileType = sourcecode.swift; path = Product.swift; sourceTree = "<group>"; };
		5CFD59DC2CF5CB3D008F09B5 /* User.swift */ = {isa = PBXFileReference; lastKnownFileType = sourcecode.swift; path = User.swift; sourceTree = "<group>"; };
		5CFD59E22CF5CB94008F09B5 /* ProductListViewModel.swift */ = {isa = PBXFileReference; lastKnownFileType = sourcecode.swift; path = ProductListViewModel.swift; sourceTree = "<group>"; };
		5CFD59E92CF5CBFF008F09B5 /* NetworkManager.swift */ = {isa = PBXFileReference; lastKnownFileType = sourcecode.swift; path = NetworkManager.swift; sourceTree = "<group>"; };
		5CFD59EB2CF5CC0B008F09B5 /* APIEndpoints.swift */ = {isa = PBXFileReference; lastKnownFileType = sourcecode.swift; path = APIEndpoints.swift; sourceTree = "<group>"; };
		5CFD59ED2CF5CC79008F09B5 /* ProductCell.swift */ = {isa = PBXFileReference; lastKnownFileType = sourcecode.swift; path = ProductCell.swift; sourceTree = "<group>"; };
		5CFD59EF2CF86FED008F09B5 /* HTMLToJSONParser.swift */ = {isa = PBXFileReference; lastKnownFileType = sourcecode.swift; path = HTMLToJSONParser.swift; sourceTree = "<group>"; };
		5CFD59F12D009239008F09B5 /* NetworkService.swift */ = {isa = PBXFileReference; lastKnownFileType = sourcecode.swift; path = NetworkService.swift; sourceTree = "<group>"; };
		5CFD59F32D009257008F09B5 /* ProductRepository.swift */ = {isa = PBXFileReference; lastKnownFileType = sourcecode.swift; path = ProductRepository.swift; sourceTree = "<group>"; };
		5CFD59F52D009A7D008F09B5 /* ImagePickerManager.swift */ = {isa = PBXFileReference; lastKnownFileType = sourcecode.swift; path = ImagePickerManager.swift; sourceTree = "<group>"; };
		5CFD59F72D016AF7008F09B5 /* ProductAlertView.swift */ = {isa = PBXFileReference; lastKnownFileType = sourcecode.swift; path = ProductAlertView.swift; sourceTree = "<group>"; };
		5CFD59F92D017452008F09B5 /* APIError.swift */ = {isa = PBXFileReference; lastKnownFileType = sourcecode.swift; path = APIError.swift; sourceTree = "<group>"; };
		5CFD59FC2D017763008F09B5 /* MockData.swift */ = {isa = PBXFileReference; lastKnownFileType = sourcecode.swift; path = MockData.swift; sourceTree = "<group>"; };
/* End PBXFileReference section */

/* Begin PBXFrameworksBuildPhase section */
		5CFD59BF2CF47BF2008F09B5 /* Frameworks */ = {
			isa = PBXFrameworksBuildPhase;
			buildActionMask = 2147483647;
			files = (
			);
			runOnlyForDeploymentPostprocessing = 0;
		};
/* End PBXFrameworksBuildPhase section */

/* Begin PBXGroup section */
		5CFD59B92CF47BF2008F09B5 = {
			isa = PBXGroup;
			children = (
				5CFD59C42CF47BF2008F09B5 /* ReLoveToMVVM */,
				5CFD59C32CF47BF2008F09B5 /* Products */,
			);
			sourceTree = "<group>";
		};
		5CFD59C32CF47BF2008F09B5 /* Products */ = {
			isa = PBXGroup;
			children = (
				5CFD59C22CF47BF2008F09B5 /* ReLoveToMVVM.app */,
			);
			name = Products;
			sourceTree = "<group>";
		};
		5CFD59C42CF47BF2008F09B5 /* ReLoveToMVVM */ = {
			isa = PBXGroup;
			children = (
				5CFD59C52CF47BF2008F09B5 /* AppDelegate.swift */,
				5CFD59C72CF47BF2008F09B5 /* SceneDelegate.swift */,
				5CFD59FB2D01773F008F09B5 /* Mocks */,
				5CFD59E62CF5CBDD008F09B5 /* Utilities */,
				5CFD59E52CF5CBD0008F09B5 /* Network */,
				5CFD59E12CF5CB84008F09B5 /* ViewModels */,
				5CFD59DE2CF5CB48008F09B5 /* Views */,
				5CFD59D92CF5CB19008F09B5 /* Models */,
				5CFD59CE2CF47BF3008F09B5 /* Assets.xcassets */,
				5CFD59D02CF47BF3008F09B5 /* LaunchScreen.storyboard */,
				5CFD59D32CF47BF3008F09B5 /* Info.plist */,
			);
			path = ReLoveToMVVM;
			sourceTree = "<group>";
		};
		5CFD59D92CF5CB19008F09B5 /* Models */ = {
			isa = PBXGroup;
			children = (
				5CFD59F32D009257008F09B5 /* ProductRepository.swift */,
				5CFD59DA2CF5CB30008F09B5 /* Product.swift */,
				5CFD59DC2CF5CB3D008F09B5 /* User.swift */,
			);
			path = Models;
			sourceTree = "<group>";
		};
		5CFD59DE2CF5CB48008F09B5 /* Views */ = {
			isa = PBXGroup;
			children = (
				5CFD59C92CF47BF2008F09B5 /* ProductListViewController.swift */,
				5CFD59F72D016AF7008F09B5 /* ProductAlertView.swift */,
				5CFD59F52D009A7D008F09B5 /* ImagePickerManager.swift */,
				5CFD59ED2CF5CC79008F09B5 /* ProductCell.swift */,
				5CFD59E02CF5CB6A008F09B5 /* Storyboards */,
			);
			path = Views;
			sourceTree = "<group>";
		};
		5CFD59E02CF5CB6A008F09B5 /* Storyboards */ = {
			isa = PBXGroup;
			children = (
				5CFD59CB2CF47BF2008F09B5 /* Main.storyboard */,
			);
			path = Storyboards;
			sourceTree = "<group>";
		};
		5CFD59E12CF5CB84008F09B5 /* ViewModels */ = {
			isa = PBXGroup;
			children = (
				5CFD59E22CF5CB94008F09B5 /* ProductListViewModel.swift */,
			);
			path = ViewModels;
			sourceTree = "<group>";
		};
		5CFD59E52CF5CBD0008F09B5 /* Network */ = {
			isa = PBXGroup;
			children = (
				5CFD59E92CF5CBFF008F09B5 /* NetworkManager.swift */,
				5CFD59F12D009239008F09B5 /* NetworkService.swift */,
				5CFD59EB2CF5CC0B008F09B5 /* APIEndpoints.swift */,
				5CFD59F92D017452008F09B5 /* APIError.swift */,
			);
			path = Network;
			sourceTree = "<group>";
		};
		5CFD59E62CF5CBDD008F09B5 /* Utilities */ = {
			isa = PBXGroup;
			children = (
				5CFD59EF2CF86FED008F09B5 /* HTMLToJSONParser.swift */,
			);
			path = Utilities;
			sourceTree = "<group>";
		};
		5CFD59FB2D01773F008F09B5 /* Mocks */ = {
			isa = PBXGroup;
			children = (
				5CFD59FC2D017763008F09B5 /* MockData.swift */,
			);
			path = Mocks;
			sourceTree = "<group>";
		};
/* End PBXGroup section */

/* Begin PBXNativeTarget section */
		5CFD59C12CF47BF2008F09B5 /* ReLoveToMVVM */ = {
			isa = PBXNativeTarget;
			buildConfigurationList = 5CFD59D62CF47BF3008F09B5 /* Build configuration list for PBXNativeTarget "ReLoveToMVVM" */;
			buildPhases = (
				5CFD59BE2CF47BF2008F09B5 /* Sources */,
				5CFD59BF2CF47BF2008F09B5 /* Frameworks */,
				5CFD59C02CF47BF2008F09B5 /* Resources */,
			);
			buildRules = (
			);
			dependencies = (
			);
			name = ReLoveToMVVM;
			productName = ReLoveToMVVM;
			productReference = 5CFD59C22CF47BF2008F09B5 /* ReLoveToMVVM.app */;
			productType = "com.apple.product-type.application";
		};
/* End PBXNativeTarget section */

/* Begin PBXProject section */
		5CFD59BA2CF47BF2008F09B5 /* Project object */ = {
			isa = PBXProject;
			attributes = {
				BuildIndependentTargetsInParallel = 1;
				LastSwiftUpdateCheck = 1540;
				LastUpgradeCheck = 1540;
				TargetAttributes = {
					5CFD59C12CF47BF2008F09B5 = {
						CreatedOnToolsVersion = 15.4;
					};
				};
			};
			buildConfigurationList = 5CFD59BD2CF47BF2008F09B5 /* Build configuration list for PBXProject "ReLoveToMVVM" */;
			compatibilityVersion = "Xcode 14.0";
			developmentRegion = en;
			hasScannedForEncodings = 0;
			knownRegions = (
				en,
				Base,
			);
			mainGroup = 5CFD59B92CF47BF2008F09B5;
			productRefGroup = 5CFD59C32CF47BF2008F09B5 /* Products */;
			projectDirPath = "";
			projectRoot = "";
			targets = (
				5CFD59C12CF47BF2008F09B5 /* ReLoveToMVVM */,
			);
		};
/* End PBXProject section */

/* Begin PBXResourcesBuildPhase section */
		5CFD59C02CF47BF2008F09B5 /* Resources */ = {
			isa = PBXResourcesBuildPhase;
			buildActionMask = 2147483647;
			files = (
				5CFD59CF2CF47BF3008F09B5 /* Assets.xcassets in Resources */,
				5CFD59D22CF47BF3008F09B5 /* Base in Resources */,
				5CFD59CD2CF47BF2008F09B5 /* Base in Resources */,
			);
			runOnlyForDeploymentPostprocessing = 0;
		};
/* End PBXResourcesBuildPhase section */

/* Begin PBXSourcesBuildPhase section */
		5CFD59BE2CF47BF2008F09B5 /* Sources */ = {
			isa = PBXSourcesBuildPhase;
			buildActionMask = 2147483647;
			files = (
				5CFD59F42D009257008F09B5 /* ProductRepository.swift in Sources */,
				5CFD59CA2CF47BF2008F09B5 /* ProductListViewController.swift in Sources */,
				5CFD59F82D016AF7008F09B5 /* ProductAlertView.swift in Sources */,
				5CFD59DB2CF5CB30008F09B5 /* Product.swift in Sources */,
				5CFD59E32CF5CB94008F09B5 /* ProductListViewModel.swift in Sources */,
				5CFD59EC2CF5CC0B008F09B5 /* APIEndpoints.swift in Sources */,
				5CFD59C62CF47BF2008F09B5 /* AppDelegate.swift in Sources */,
				5CFD59F02CF86FED008F09B5 /* HTMLToJSONParser.swift in Sources */,
				5CFD59EA2CF5CBFF008F09B5 /* NetworkManager.swift in Sources */,
				5CFD59F62D009A7D008F09B5 /* ImagePickerManager.swift in Sources */,
				5CFD59EE2CF5CC79008F09B5 /* ProductCell.swift in Sources */,
				5CFD59DD2CF5CB3D008F09B5 /* User.swift in Sources */,
				5CFD59FA2D017452008F09B5 /* APIError.swift in Sources */,
				5CFD59FD2D017763008F09B5 /* MockData.swift in Sources */,
				5CFD59F22D009239008F09B5 /* NetworkService.swift in Sources */,
				5CFD59C82CF47BF2008F09B5 /* SceneDelegate.swift in Sources */,
			);
			runOnlyForDeploymentPostprocessing = 0;
		};
/* End PBXSourcesBuildPhase section */

/* Begin PBXVariantGroup section */
		5CFD59CB2CF47BF2008F09B5 /* Main.storyboard */ = {
			isa = PBXVariantGroup;
			children = (
				5CFD59CC2CF47BF2008F09B5 /* Base */,
			);
			name = Main.storyboard;
			sourceTree = "<group>";
		};
		5CFD59D02CF47BF3008F09B5 /* LaunchScreen.storyboard */ = {
			isa = PBXVariantGroup;
			children = (
				5CFD59D12CF47BF3008F09B5 /* Base */,
			);
			name = LaunchScreen.storyboard;
			sourceTree = "<group>";
		};
/* End PBXVariantGroup section */

/* Begin XCBuildConfiguration section */
		5CFD59D42CF47BF3008F09B5 /* Debug */ = {
			isa = XCBuildConfiguration;
			buildSettings = {
				ALWAYS_SEARCH_USER_PATHS = NO;
				ASSETCATALOG_COMPILER_GENERATE_SWIFT_ASSET_SYMBOL_EXTENSIONS = YES;
				CLANG_ANALYZER_NONNULL = YES;
				CLANG_ANALYZER_NUMBER_OBJECT_CONVERSION = YES_AGGRESSIVE;
				CLANG_CXX_LANGUAGE_STANDARD = "gnu++20";
				CLANG_ENABLE_MODULES = YES;
				CLANG_ENABLE_OBJC_ARC = YES;
				CLANG_ENABLE_OBJC_WEAK = YES;
				CLANG_WARN_BLOCK_CAPTURE_AUTORELEASING = YES;
				CLANG_WARN_BOOL_CONVERSION = YES;
				CLANG_WARN_COMMA = YES;
				CLANG_WARN_CONSTANT_CONVERSION = YES;
				CLANG_WARN_DEPRECATED_OBJC_IMPLEMENTATIONS = YES;
				CLANG_WARN_DIRECT_OBJC_ISA_USAGE = YES_ERROR;
				CLANG_WARN_DOCUMENTATION_COMMENTS = YES;
				CLANG_WARN_EMPTY_BODY = YES;
				CLANG_WARN_ENUM_CONVERSION = YES;
				CLANG_WARN_INFINITE_RECURSION = YES;
				CLANG_WARN_INT_CONVERSION = YES;
				CLANG_WARN_NON_LITERAL_NULL_CONVERSION = YES;
				CLANG_WARN_OBJC_IMPLICIT_RETAIN_SELF = YES;
				CLANG_WARN_OBJC_LITERAL_CONVERSION = YES;
				CLANG_WARN_OBJC_ROOT_CLASS = YES_ERROR;
				CLANG_WARN_QUOTED_INCLUDE_IN_FRAMEWORK_HEADER = YES;
				CLANG_WARN_RANGE_LOOP_ANALYSIS = YES;
				CLANG_WARN_STRICT_PROTOTYPES = YES;
				CLANG_WARN_SUSPICIOUS_MOVE = YES;
				CLANG_WARN_UNGUARDED_AVAILABILITY = YES_AGGRESSIVE;
				CLANG_WARN_UNREACHABLE_CODE = YES;
				CLANG_WARN__DUPLICATE_METHOD_MATCH = YES;
				COPY_PHASE_STRIP = NO;
				DEBUG_INFORMATION_FORMAT = dwarf;
				ENABLE_STRICT_OBJC_MSGSEND = YES;
				ENABLE_TESTABILITY = YES;
				ENABLE_USER_SCRIPT_SANDBOXING = YES;
				GCC_C_LANGUAGE_STANDARD = gnu17;
				GCC_DYNAMIC_NO_PIC = NO;
				GCC_NO_COMMON_BLOCKS = YES;
				GCC_OPTIMIZATION_LEVEL = 0;
				GCC_PREPROCESSOR_DEFINITIONS = (
					"DEBUG=1",
					"$(inherited)",
				);
				GCC_WARN_64_TO_32_BIT_CONVERSION = YES;
				GCC_WARN_ABOUT_RETURN_TYPE = YES_ERROR;
				GCC_WARN_UNDECLARED_SELECTOR = YES;
				GCC_WARN_UNINITIALIZED_AUTOS = YES_AGGRESSIVE;
				GCC_WARN_UNUSED_FUNCTION = YES;
				GCC_WARN_UNUSED_VARIABLE = YES;
				IPHONEOS_DEPLOYMENT_TARGET = 17.5;
				LOCALIZATION_PREFERS_STRING_CATALOGS = YES;
				MTL_ENABLE_DEBUG_INFO = INCLUDE_SOURCE;
				MTL_FAST_MATH = YES;
				ONLY_ACTIVE_ARCH = YES;
				SDKROOT = iphoneos;
				SWIFT_ACTIVE_COMPILATION_CONDITIONS = "DEBUG $(inherited)";
				SWIFT_OPTIMIZATION_LEVEL = "-Onone";
			};
			name = Debug;
		};
		5CFD59D52CF47BF3008F09B5 /* Release */ = {
			isa = XCBuildConfiguration;
			buildSettings = {
				ALWAYS_SEARCH_USER_PATHS = NO;
				ASSETCATALOG_COMPILER_GENERATE_SWIFT_ASSET_SYMBOL_EXTENSIONS = YES;
				CLANG_ANALYZER_NONNULL = YES;
				CLANG_ANALYZER_NUMBER_OBJECT_CONVERSION = YES_AGGRESSIVE;
				CLANG_CXX_LANGUAGE_STANDARD = "gnu++20";
				CLANG_ENABLE_MODULES = YES;
				CLANG_ENABLE_OBJC_ARC = YES;
				CLANG_ENABLE_OBJC_WEAK = YES;
				CLANG_WARN_BLOCK_CAPTURE_AUTORELEASING = YES;
				CLANG_WARN_BOOL_CONVERSION = YES;
				CLANG_WARN_COMMA = YES;
				CLANG_WARN_CONSTANT_CONVERSION = YES;
				CLANG_WARN_DEPRECATED_OBJC_IMPLEMENTATIONS = YES;
				CLANG_WARN_DIRECT_OBJC_ISA_USAGE = YES_ERROR;
				CLANG_WARN_DOCUMENTATION_COMMENTS = YES;
				CLANG_WARN_EMPTY_BODY = YES;
				CLANG_WARN_ENUM_CONVERSION = YES;
				CLANG_WARN_INFINITE_RECURSION = YES;
				CLANG_WARN_INT_CONVERSION = YES;
				CLANG_WARN_NON_LITERAL_NULL_CONVERSION = YES;
				CLANG_WARN_OBJC_IMPLICIT_RETAIN_SELF = YES;
				CLANG_WARN_OBJC_LITERAL_CONVERSION = YES;
				CLANG_WARN_OBJC_ROOT_CLASS = YES_ERROR;
				CLANG_WARN_QUOTED_INCLUDE_IN_FRAMEWORK_HEADER = YES;
				CLANG_WARN_RANGE_LOOP_ANALYSIS = YES;
				CLANG_WARN_STRICT_PROTOTYPES = YES;
				CLANG_WARN_SUSPICIOUS_MOVE = YES;
				CLANG_WARN_UNGUARDED_AVAILABILITY = YES_AGGRESSIVE;
				CLANG_WARN_UNREACHABLE_CODE = YES;
				CLANG_WARN__DUPLICATE_METHOD_MATCH = YES;
				COPY_PHASE_STRIP = NO;
				DEBUG_INFORMATION_FORMAT = "dwarf-with-dsym";
				ENABLE_NS_ASSERTIONS = NO;
				ENABLE_STRICT_OBJC_MSGSEND = YES;
				ENABLE_USER_SCRIPT_SANDBOXING = YES;
				GCC_C_LANGUAGE_STANDARD = gnu17;
				GCC_NO_COMMON_BLOCKS = YES;
				GCC_WARN_64_TO_32_BIT_CONVERSION = YES;
				GCC_WARN_ABOUT_RETURN_TYPE = YES_ERROR;
				GCC_WARN_UNDECLARED_SELECTOR = YES;
				GCC_WARN_UNINITIALIZED_AUTOS = YES_AGGRESSIVE;
				GCC_WARN_UNUSED_FUNCTION = YES;
				GCC_WARN_UNUSED_VARIABLE = YES;
				IPHONEOS_DEPLOYMENT_TARGET = 17.5;
				LOCALIZATION_PREFERS_STRING_CATALOGS = YES;
				MTL_ENABLE_DEBUG_INFO = NO;
				MTL_FAST_MATH = YES;
				SDKROOT = iphoneos;
				SWIFT_COMPILATION_MODE = wholemodule;
				VALIDATE_PRODUCT = YES;
			};
			name = Release;
		};
		5CFD59D72CF47BF3008F09B5 /* Debug */ = {
			isa = XCBuildConfiguration;
			buildSettings = {
				ASSETCATALOG_COMPILER_APPICON_NAME = AppIcon;
				ASSETCATALOG_COMPILER_GLOBAL_ACCENT_COLOR_NAME = AccentColor;
				CODE_SIGN_STYLE = Automatic;
				CURRENT_PROJECT_VERSION = 1;
				DEVELOPMENT_TEAM = M2MF9LH58A;
				GENERATE_INFOPLIST_FILE = YES;
				INFOPLIST_FILE = ReLoveToMVVM/Info.plist;
				INFOPLIST_KEY_UIApplicationSupportsIndirectInputEvents = YES;
				INFOPLIST_KEY_UILaunchStoryboardName = LaunchScreen;
				INFOPLIST_KEY_UIMainStoryboardFile = Main;
				INFOPLIST_KEY_UISupportedInterfaceOrientations_iPad = "UIInterfaceOrientationPortrait UIInterfaceOrientationPortraitUpsideDown UIInterfaceOrientationLandscapeLeft UIInterfaceOrientationLandscapeRight";
				INFOPLIST_KEY_UISupportedInterfaceOrientations_iPhone = "UIInterfaceOrientationPortrait UIInterfaceOrientationLandscapeLeft UIInterfaceOrientationLandscapeRight";
				LD_RUNPATH_SEARCH_PATHS = (
					"$(inherited)",
					"@executable_path/Frameworks",
				);
				MARKETING_VERSION = 1.0;
				PRODUCT_BUNDLE_IDENTIFIER = com.Lydia.ReLoveToMVVM;
				PRODUCT_NAME = "$(TARGET_NAME)";
				SWIFT_EMIT_LOC_STRINGS = YES;
				SWIFT_VERSION = 5.0;
				TARGETED_DEVICE_FAMILY = "1,2";
			};
			name = Debug;
		};
		5CFD59D82CF47BF3008F09B5 /* Release */ = {
			isa = XCBuildConfiguration;
			buildSettings = {
				ASSETCATALOG_COMPILER_APPICON_NAME = AppIcon;
				ASSETCATALOG_COMPILER_GLOBAL_ACCENT_COLOR_NAME = AccentColor;
				CODE_SIGN_STYLE = Automatic;
				CURRENT_PROJECT_VERSION = 1;
				DEVELOPMENT_TEAM = M2MF9LH58A;
				GENERATE_INFOPLIST_FILE = YES;
				INFOPLIST_FILE = ReLoveToMVVM/Info.plist;
				INFOPLIST_KEY_UIApplicationSupportsIndirectInputEvents = YES;
				INFOPLIST_KEY_UILaunchStoryboardName = LaunchScreen;
				INFOPLIST_KEY_UIMainStoryboardFile = Main;
				INFOPLIST_KEY_UISupportedInterfaceOrientations_iPad = "UIInterfaceOrientationPortrait UIInterfaceOrientationPortraitUpsideDown UIInterfaceOrientationLandscapeLeft UIInterfaceOrientationLandscapeRight";
				INFOPLIST_KEY_UISupportedInterfaceOrientations_iPhone = "UIInterfaceOrientationPortrait UIInterfaceOrientationLandscapeLeft UIInterfaceOrientationLandscapeRight";
				LD_RUNPATH_SEARCH_PATHS = (
					"$(inherited)",
					"@executable_path/Frameworks",
				);
				MARKETING_VERSION = 1.0;
				PRODUCT_BUNDLE_IDENTIFIER = com.Lydia.ReLoveToMVVM;
				PRODUCT_NAME = "$(TARGET_NAME)";
				SWIFT_EMIT_LOC_STRINGS = YES;
				SWIFT_VERSION = 5.0;
				TARGETED_DEVICE_FAMILY = "1,2";
			};
			name = Release;
		};
/* End XCBuildConfiguration section */

/* Begin XCConfigurationList section */
		5CFD59BD2CF47BF2008F09B5 /* Build configuration list for PBXProject "ReLoveToMVVM" */ = {
			isa = XCConfigurationList;
			buildConfigurations = (
				5CFD59D42CF47BF3008F09B5 /* Debug */,
				5CFD59D52CF47BF3008F09B5 /* Release */,
			);
			defaultConfigurationIsVisible = 0;
			defaultConfigurationName = Release;
		};
		5CFD59D62CF47BF3008F09B5 /* Build configuration list for PBXNativeTarget "ReLoveToMVVM" */ = {
			isa = XCConfigurationList;
			buildConfigurations = (
				5CFD59D72CF47BF3008F09B5 /* Debug */,
				5CFD59D82CF47BF3008F09B5 /* Release */,
			);
			defaultConfigurationIsVisible = 0;
			defaultConfigurationName = Release;
		};
/* End XCConfigurationList section */
	};
	rootObject = 5CFD59BA2CF47BF2008F09B5 /* Project object */;
}
